
Microsoft Visual Studio Solution File, Format Version 12.00
# Visual Studio Version 17
VisualStudioVersion = 17.9.34728.123
MinimumVisualStudioVersion = 10.0.40219.1
Project("{FAE04EC0-301F-11D3-BF4B-00C04F79EFBC}") = "LearningByDoing", "LearningByDoing\LearningByDoing.csproj", "{64E165B4-B6C7-4105-92A5-6606A4AC0937}"
EndProject
Global
	GlobalSection(SolutionConfigurationPlatforms) = preSolution
		Debug|Any CPU = Debug|Any CPU
		Release|Any CPU = Release|Any CPU
	EndGlobalSection
	GlobalSection(ProjectConfigurationPlatforms) = postSolution
		{64E165B4-B6C7-4105-92A5-6606A4AC0937}.Debug|Any CPU.ActiveCfg = Debug|Any CPU
		{64E165B4-B6C7-4105-92A5-6606A4AC0937}.Debug|Any CPU.Build.0 = Debug|Any CPU
		{64E165B4-B6C7-4105-92A5-6606A4AC0937}.Release|Any CPU.ActiveCfg = Release|Any CPU
		{64E165B4-B6C7-4105-92A5-6606A4AC0937}.Release|Any CPU.Build.0 = Release|Any CPU
	EndGlobalSection
	GlobalSection(SolutionProperties) = preSolution
		HideSolutionNode = FALSE
	EndGlobalSection
	GlobalSection(ExtensibilityGlobals) = postSolution
		SolutionGuid = {9A855582-2EE9-410C-B1E0-F6F0DAA28FCA}
	EndGlobalSection
EndGlobal
